
Microsoft Visual Studio Solution File, Format Version 12.00
# Visual Studio Version 17
VisualStudioVersion = 17.0.31903.59
MinimumVisualStudioVersion = 10.0.40219.1
Project("{9A19103F-16F7-4668-BE54-9A1E7A4F7556}") = "TubaWinUi3", "TubaWinUi3.WinUI3\TubaWinUi3.csproj", "{A1B2C3D4-E5F6-7890-ABCD-EF1234567891}"
EndProject
Project("{FAE04EC0-301F-11D3-BF4B-00C04F79EFBC}") = "TubaWinUi3.Compatible", "TubaWinUi3.Compatible\TubaWinUi3.Compatible.csproj", "{B1A2C3D4-E5F6-7890-ABCD-EF1234567890}"
EndProject
Project("{FAE04EC0-301F-11D3-BF4B-00C04F79EFBC}") = "TubaWinUi3.Tests", "TubaWinUi3.Tests\TubaWinUi3.Tests.csproj", "{AE984034-E8D7-4EFD-94B5-B6ED5308542B}"
EndProject
Project("{9A19103F-16F7-4668-BE54-9A1E7A4F7556}") = "TubaWinUI3.BackEnd", "TubaWinUI3.BackEnd\TubaWinUi3.BackEnd.csproj", "{C3A9E1D2-4B5C-4D6E-8F70-A1B2C3D4E5F6}"
EndProject
Project("{2150E333-8FDC-42A3-9474-1A3956D46DE8}") = "TubaWinUi3.WinUI3", "TubaWinUi3.WinUI3", "{5475FC44-64B3-86DC-5AB9-86C47D025DF1}"
EndProject
Global
	GlobalSection(SolutionConfigurationPlatforms) = preSolution
		Debug|Any CPU = Debug|Any CPU
		Debug|x64 = Debug|x64
		Debug|x86 = Debug|x86
		Release|Any CPU = Release|Any CPU
		Release|x64 = Release|x64
		Release|x86 = Release|x86
	EndGlobalSection
	GlobalSection(ProjectConfigurationPlatforms) = postSolution
		{A1B2C3D4-E5F6-7890-ABCD-EF1234567891}.Debug|Any CPU.ActiveCfg = Debug|Any CPU
		{A1B2C3D4-E5F6-7890-ABCD-EF1234567891}.Debug|Any CPU.Build.0 = Debug|Any CPU
		{A1B2C3D4-E5F6-7890-ABCD-EF1234567891}.Debug|x64.ActiveCfg = Debug|Any CPU
		{A1B2C3D4-E5F6-7890-ABCD-EF1234567891}.Debug|x64.Build.0 = Debug|Any CPU
		{A1B2C3D4-E5F6-7890-ABCD-EF1234567891}.Debug|x86.ActiveCfg = Debug|Any CPU
		{A1B2C3D4-E5F6-7890-ABCD-EF1234567891}.Debug|x86.Build.0 = Debug|Any CPU
		{A1B2C3D4-E5F6-7890-ABCD-EF1234567891}.Release|Any CPU.ActiveCfg = Release|Any CPU
		{A1B2C3D4-E5F6-7890-ABCD-EF1234567891}.Release|Any CPU.Build.0 = Release|Any CPU
		{A1B2C3D4-E5F6-7890-ABCD-EF1234567891}.Release|x64.ActiveCfg = Release|Any CPU
		{A1B2C3D4-E5F6-7890-ABCD-EF1234567891}.Release|x64.Build.0 = Release|Any CPU
		{A1B2C3D4-E5F6-7890-ABCD-EF1234567891}.Release|x86.ActiveCfg = Release|Any CPU
		{A1B2C3D4-E5F6-7890-ABCD-EF1234567891}.Release|x86.Build.0 = Release|Any CPU
		{B1A2C3D4-E5F6-7890-ABCD-EF1234567890}.Debug|Any CPU.ActiveCfg = Debug|Any CPU
		{B1A2C3D4-E5F6-7890-ABCD-EF1234567890}.Debug|Any CPU.Build.0 = Debug|Any CPU
		{B1A2C3D4-E5F6-7890-ABCD-EF1234567890}.Debug|x64.ActiveCfg = Debug|Any CPU
		{B1A2C3D4-E5F6-7890-ABCD-EF1234567890}.Debug|x64.Build.0 = Debug|Any CPU
		{B1A2C3D4-E5F6-7890-ABCD-EF1234567890}.Debug|x86.ActiveCfg = Debug|Any CPU
		{B1A2C3D4-E5F6-7890-ABCD-EF1234567890}.Debug|x86.Build.0 = Debug|Any CPU
		{B1A2C3D4-E5F6-7890-ABCD-EF1234567890}.Release|Any CPU.ActiveCfg = Release|Any CPU
		{B1A2C3D4-E5F6-7890-ABCD-EF1234567890}.Release|Any CPU.Build.0 = Release|Any CPU
		{B1A2C3D4-E5F6-7890-ABCD-EF1234567890}.Release|x64.ActiveCfg = Release|Any CPU
		{B1A2C3D4-E5F6-7890-ABCD-EF1234567890}.Release|x64.Build.0 = Release|Any CPU
		{B1A2C3D4-E5F6-7890-ABCD-EF1234567890}.Release|x86.ActiveCfg = Release|Any CPU
		{B1A2C3D4-E5F6-7890-ABCD-EF1234567890}.Release|x86.Build.0 = Release|Any CPU
		{AE984034-E8D7-4EFD-94B5-B6ED5308542B}.Debug|Any CPU.ActiveCfg = Debug|Any CPU
		{AE984034-E8D7-4EFD-94B5-B6ED5308542B}.Debug|Any CPU.Build.0 = Debug|Any CPU
		{AE984034-E8D7-4EFD-94B5-B6ED5308542B}.Debug|x64.ActiveCfg = Debug|Any CPU
		{AE984034-E8D7-4EFD-94B5-B6ED5308542B}.Debug|x64.Build.0 = Debug|Any CPU
		{AE984034-E8D7-4EFD-94B5-B6ED5308542B}.Debug|x86.ActiveCfg = Debug|Any CPU
		{AE984034-E8D7-4EFD-94B5-B6ED5308542B}.Debug|x86.Build.0 = Debug|Any CPU
		{AE984034-E8D7-4EFD-94B5-B6ED5308542B}.Release|Any CPU.ActiveCfg = Release|Any CPU
		{AE984034-E8D7-4EFD-94B5-B6ED5308542B}.Release|Any CPU.Build.0 = Release|Any CPU
		{AE984034-E8D7-4EFD-94B5-B6ED5308542B}.Release|x64.ActiveCfg = Release|Any CPU
		{AE984034-E8D7-4EFD-94B5-B6ED5308542B}.Release|x64.Build.0 = Release|Any CPU
		{AE984034-E8D7-4EFD-94B5-B6ED5308542B}.Release|x86.ActiveCfg = Release|Any CPU
		{AE984034-E8D7-4EFD-94B5-B6ED5308542B}.Release|x86.Build.0 = Release|Any CPU
		{C3A9E1D2-4B5C-4D6E-8F70-A1B2C3D4E5F6}.Debug|Any CPU.ActiveCfg = Debug|Any CPU
		{C3A9E1D2-4B5C-4D6E-8F70-A1B2C3D4E5F6}.Debug|Any CPU.Build.0 = Debug|Any CPU
		{C3A9E1D2-4B5C-4D6E-8F70-A1B2C3D4E5F6}.Debug|x64.ActiveCfg = Debug|Any CPU
		{C3A9E1D2-4B5C-4D6E-8F70-A1B2C3D4E5F6}.Debug|x64.Build.0 = Debug|Any CPU
		{C3A9E1D2-4B5C-4D6E-8F70-A1B2C3D4E5F6}.Debug|x86.ActiveCfg = Debug|Any CPU
		{C3A9E1D2-4B5C-4D6E-8F70-A1B2C3D4E5F6}.Debug|x86.Build.0 = Debug|Any CPU
		{C3A9E1D2-4B5C-4D6E-8F70-A1B2C3D4E5F6}.Release|Any CPU.ActiveCfg = Release|Any CPU
		{C3A9E1D2-4B5C-4D6E-8F70-A1B2C3D4E5F6}.Release|Any CPU.Build.0 = Release|Any CPU
		{C3A9E1D2-4B5C-4D6E-8F70-A1B2C3D4E5F6}.Release|x64.ActiveCfg = Release|Any CPU
		{C3A9E1D2-4B5C-4D6E-8F70-A1B2C3D4E5F6}.Release|x64.Build.0 = Release|Any CPU
		{C3A9E1D2-4B5C-4D6E-8F70-A1B2C3D4E5F6}.Release|x86.ActiveCfg = Release|Any CPU
		{C3A9E1D2-4B5C-4D6E-8F70-A1B2C3D4E5F6}.Release|x86.Build.0 = Release|Any CPU
	EndGlobalSection
	GlobalSection(SolutionProperties) = preSolution
		HideSolutionNode = FALSE
	EndGlobalSection
EndGlobal
